
Microsoft Visual Studio Solution File, Format Version 12.00
# Visual Studio Version 17
VisualStudioVersion = 17.0.31903.59
MinimumVisualStudioVersion = 10.0.40219.1
Project("{2150E333-8FDC-42A3-9474-1A3956D46DE8}") = "src", "src", "{827E0CD3-B72D-47B6-A68D-7590B98EB39B}"
EndProject
Project("{FAE04EC0-301F-11D3-BF4B-00C04F79EFBC}") = "PackLogic.Api", "src\PackLogic.Api\PackLogic.Api.csproj", "{8A2FD706-25C9-464D-9A0B-25AE9909C09D}"
EndProject
Project("{FAE04EC0-301F-11D3-BF4B-00C04F79EFBC}") = "PackLogic.Domain", "src\PackLogic.Domain\PackLogic.Domain.csproj", "{B7F3AC48-FA40-4A18-A7B2-8A577A180474}"
EndProject
Project("{FAE04EC0-301F-11D3-BF4B-00C04F79EFBC}") = "PackLogic.Application", "src\PackLogic.Application\PackLogic.Application.csproj", "{2DD033D1-FFB8-489C-A488-5D30E4C6BB71}"
EndProject
Project("{FAE04EC0-301F-11D3-BF4B-00C04F79EFBC}") = "PackLogic.Infrastructure", "src\PackLogic.Infrastructure\PackLogic.Infrastructure.csproj", "{A29716CF-B7D3-4C1A-A366-9219DEFE2D85}"
EndProject
Project("{FAE04EC0-301F-11D3-BF4B-00C04F79EFBC}") = "PackLogic.Optimization", "src\PackLogic.Optimization\PackLogic.Optimization.csproj", "{4CB48BA6-8B01-4C46-A965-006C6EAB4B10}"
EndProject
Project("{2150E333-8FDC-42A3-9474-1A3956D46DE8}") = "tests", "tests", "{0AB3BF05-4346-4AA6-1389-037BE0695223}"
EndProject
Project("{FAE04EC0-301F-11D3-BF4B-00C04F79EFBC}") = "PackLogic.UnitTests", "tests\PackLogic.UnitTests\PackLogic.UnitTests.csproj", "{23D10AF2-D706-4245-9582-A4BCDC435D18}"
EndProject
Project("{FAE04EC0-301F-11D3-BF4B-00C04F79EFBC}") = "PackLogic.IntegrationTests", "tests\PackLogic.IntegrationTests\PackLogic.IntegrationTests.csproj", "{5135CCEE-25C3-41BA-BF60-9E4276B80225}"
EndProject
Global
	GlobalSection(SolutionConfigurationPlatforms) = preSolution
		Debug|Any CPU = Debug|Any CPU
		Debug|x64 = Debug|x64
		Debug|x86 = Debug|x86
		Release|Any CPU = Release|Any CPU
		Release|x64 = Release|x64
		Release|x86 = Release|x86
	EndGlobalSection
	GlobalSection(ProjectConfigurationPlatforms) = postSolution
		{8A2FD706-25C9-464D-9A0B-25AE9909C09D}.Debug|Any CPU.ActiveCfg = Debug|Any CPU
		{8A2FD706-25C9-464D-9A0B-25AE9909C09D}.Debug|Any CPU.Build.0 = Debug|Any CPU
		{8A2FD706-25C9-464D-9A0B-25AE9909C09D}.Debug|x64.ActiveCfg = Debug|Any CPU
		{8A2FD706-25C9-464D-9A0B-25AE9909C09D}.Debug|x64.Build.0 = Debug|Any CPU
		{8A2FD706-25C9-464D-9A0B-25AE9909C09D}.Debug|x86.ActiveCfg = Debug|Any CPU
		{8A2FD706-25C9-464D-9A0B-25AE9909C09D}.Debug|x86.Build.0 = Debug|Any CPU
		{8A2FD706-25C9-464D-9A0B-25AE9909C09D}.Release|Any CPU.ActiveCfg = Release|Any CPU
		{8A2FD706-25C9-464D-9A0B-25AE9909C09D}.Release|Any CPU.Build.0 = Release|Any CPU
		{8A2FD706-25C9-464D-9A0B-25AE9909C09D}.Release|x64.ActiveCfg = Release|Any CPU
		{8A2FD706-25C9-464D-9A0B-25AE9909C09D}.Release|x64.Build.0 = Release|Any CPU
		{8A2FD706-25C9-464D-9A0B-25AE9909C09D}.Release|x86.ActiveCfg = Release|Any CPU
		{8A2FD706-25C9-464D-9A0B-25AE9909C09D}.Release|x86.Build.0 = Release|Any CPU
		{B7F3AC48-FA40-4A18-A7B2-8A577A180474}.Debug|Any CPU.ActiveCfg = Debug|Any CPU
		{B7F3AC48-FA40-4A18-A7B2-8A577A180474}.Debug|Any CPU.Build.0 = Debug|Any CPU
		{B7F3AC48-FA40-4A18-A7B2-8A577A180474}.Debug|x64.ActiveCfg = Debug|Any CPU
		{B7F3AC48-FA40-4A18-A7B2-8A577A180474}.Debug|x64.Build.0 = Debug|Any CPU
		{B7F3AC48-FA40-4A18-A7B2-8A577A180474}.Debug|x86.ActiveCfg = Debug|Any CPU
		{B7F3AC48-FA40-4A18-A7B2-8A577A180474}.Debug|x86.Build.0 = Debug|Any CPU
		{B7F3AC48-FA40-4A18-A7B2-8A577A180474}.Release|Any CPU.ActiveCfg = Release|Any CPU
		{B7F3AC48-FA40-4A18-A7B2-8A577A180474}.Release|Any CPU.Build.0 = Release|Any CPU
		{B7F3AC48-FA40-4A18-A7B2-8A577A180474}.Release|x64.ActiveCfg = Release|Any CPU
		{B7F3AC48-FA40-4A18-A7B2-8A577A180474}.Release|x64.Build.0 = Release|Any CPU
		{B7F3AC48-FA40-4A18-A7B2-8A577A180474}.Release|x86.ActiveCfg = Release|Any CPU
		{B7F3AC48-FA40-4A18-A7B2-8A577A180474}.Release|x86.Build.0 = Release|Any CPU
		{2DD033D1-FFB8-489C-A488-5D30E4C6BB71}.Debug|Any CPU.ActiveCfg = Debug|Any CPU
		{2DD033D1-FFB8-489C-A488-5D30E4C6BB71}.Debug|Any CPU.Build.0 = Debug|Any CPU
		{2DD033D1-FFB8-489C-A488-5D30E4C6BB71}.Debug|x64.ActiveCfg = Debug|Any CPU
		{2DD033D1-FFB8-489C-A488-5D30E4C6BB71}.Debug|x64.Build.0 = Debug|Any CPU
		{2DD033D1-FFB8-489C-A488-5D30E4C6BB71}.Debug|x86.ActiveCfg = Debug|Any CPU
		{2DD033D1-FFB8-489C-A488-5D30E4C6BB71}.Debug|x86.Build.0 = Debug|Any CPU
		{2DD033D1-FFB8-489C-A488-5D30E4C6BB71}.Release|Any CPU.ActiveCfg = Release|Any CPU
		{2DD033D1-FFB8-489C-A488-5D30E4C6BB71}.Release|Any CPU.Build.0 = Release|Any CPU
		{2DD033D1-FFB8-489C-A488-5D30E4C6BB71}.Release|x64.ActiveCfg = Release|Any CPU
		{2DD033D1-FFB8-489C-A488-5D30E4C6BB71}.Release|x64.Build.0 = Release|Any CPU
		{2DD033D1-FFB8-489C-A488-5D30E4C6BB71}.Release|x86.ActiveCfg = Release|Any CPU
		{2DD033D1-FFB8-489C-A488-5D30E4C6BB71}.Release|x86.Build.0 = Release|Any CPU
		{A29716CF-B7D3-4C1A-A366-9219DEFE2D85}.Debug|Any CPU.ActiveCfg = Debug|Any CPU
		{A29716CF-B7D3-4C1A-A366-9219DEFE2D85}.Debug|Any CPU.Build.0 = Debug|Any CPU
		{A29716CF-B7D3-4C1A-A366-9219DEFE2D85}.Debug|x64.ActiveCfg = Debug|Any CPU
		{A29716CF-B7D3-4C1A-A366-9219DEFE2D85}.Debug|x64.Build.0 = Debug|Any CPU
		{A29716CF-B7D3-4C1A-A366-9219DEFE2D85}.Debug|x86.ActiveCfg = Debug|Any CPU
		{A29716CF-B7D3-4C1A-A366-9219DEFE2D85}.Debug|x86.Build.0 = Debug|Any CPU
		{A29716CF-B7D3-4C1A-A366-9219DEFE2D85}.Release|Any CPU.ActiveCfg = Release|Any CPU
		{A29716CF-B7D3-4C1A-A366-9219DEFE2D85}.Release|Any CPU.Build.0 = Release|Any CPU
		{A29716CF-B7D3-4C1A-A366-9219DEFE2D85}.Release|x64.ActiveCfg = Release|Any CPU
		{A29716CF-B7D3-4C1A-A366-9219DEFE2D85}.Release|x64.Build.0 = Release|Any CPU
		{A29716CF-B7D3-4C1A-A366-9219DEFE2D85}.Release|x86.ActiveCfg = Release|Any CPU
		{A29716CF-B7D3-4C1A-A366-9219DEFE2D85}.Release|x86.Build.0 = Release|Any CPU
		{4CB48BA6-8B01-4C46-A965-006C6EAB4B10}.Debug|Any CPU.ActiveCfg = Debug|Any CPU
		{4CB48BA6-8B01-4C46-A965-006C6EAB4B10}.Debug|Any CPU.Build.0 = Debug|Any CPU
		{4CB48BA6-8B01-4C46-A965-006C6EAB4B10}.Debug|x64.ActiveCfg = Debug|Any CPU
		{4CB48BA6-8B01-4C46-A965-006C6EAB4B10}.Debug|x64.Build.0 = Debug|Any CPU
		{4CB48BA6-8B01-4C46-A965-006C6EAB4B10}.Debug|x86.ActiveCfg = Debug|Any CPU
		{4CB48BA6-8B01-4C46-A965-006C6EAB4B10}.Debug|x86.Build.0 = Debug|Any CPU
		{4CB48BA6-8B01-4C46-A965-006C6EAB4B10}.Release|Any CPU.ActiveCfg = Release|Any CPU
		{4CB48BA6-8B01-4C46-A965-006C6EAB4B10}.Release|Any CPU.Build.0 = Release|Any CPU
		{4CB48BA6-8B01-4C46-A965-006C6EAB4B10}.Release|x64.ActiveCfg = Release|Any CPU
		{4CB48BA6-8B01-4C46-A965-006C6EAB4B10}.Release|x64.Build.0 = Release|Any CPU
		{4CB48BA6-8B01-4C46-A965-006C6EAB4B10}.Release|x86.ActiveCfg = Release|Any CPU
		{4CB48BA6-8B01-4C46-A965-006C6EAB4B10}.Release|x86.Build.0 = Release|Any CPU
		{23D10AF2-D706-4245-9582-A4BCDC435D18}.Debug|Any CPU.ActiveCfg = Debug|Any CPU
		{23D10AF2-D706-4245-9582-A4BCDC435D18}.Debug|Any CPU.Build.0 = Debug|Any CPU
		{23D10AF2-D706-4245-9582-A4BCDC435D18}.Debug|x64.ActiveCfg = Debug|Any CPU
		{23D10AF2-D706-4245-9582-A4BCDC435D18}.Debug|x64.Build.0 = Debug|Any CPU
		{23D10AF2-D706-4245-9582-A4BCDC435D18}.Debug|x86.ActiveCfg = Debug|Any CPU
		{23D10AF2-D706-4245-9582-A4BCDC435D18}.Debug|x86.Build.0 = Debug|Any CPU
		{23D10AF2-D706-4245-9582-A4BCDC435D18}.Release|Any CPU.ActiveCfg = Release|Any CPU
		{23D10AF2-D706-4245-9582-A4BCDC435D18}.Release|Any CPU.Build.0 = Release|Any CPU
		{23D10AF2-D706-4245-9582-A4BCDC435D18}.Release|x64.ActiveCfg = Release|Any CPU
		{23D10AF2-D706-4245-9582-A4BCDC435D18}.Release|x64.Build.0 = Release|Any CPU
		{23D10AF2-D706-4245-9582-A4BCDC435D18}.Release|x86.ActiveCfg = Release|Any CPU
		{23D10AF2-D706-4245-9582-A4BCDC435D18}.Release|x86.Build.0 = Release|Any CPU
		{5135CCEE-25C3-41BA-BF60-9E4276B80225}.Debug|Any CPU.ActiveCfg = Debug|Any CPU
		{5135CCEE-25C3-41BA-BF60-9E4276B80225}.Debug|Any CPU.Build.0 = Debug|Any CPU
		{5135CCEE-25C3-41BA-BF60-9E4276B80225}.Debug|x64.ActiveCfg = Debug|Any CPU
		{5135CCEE-25C3-41BA-BF60-9E4276B80225}.Debug|x64.Build.0 = Debug|Any CPU
		{5135CCEE-25C3-41BA-BF60-9E4276B80225}.Debug|x86.ActiveCfg = Debug|Any CPU
		{5135CCEE-25C3-41BA-BF60-9E4276B80225}.Debug|x86.Build.0 = Debug|Any CPU
		{5135CCEE-25C3-41BA-BF60-9E4276B80225}.Release|Any CPU.ActiveCfg = Release|Any CPU
		{5135CCEE-25C3-41BA-BF60-9E4276B80225}.Release|Any CPU.Build.0 = Release|Any CPU
		{5135CCEE-25C3-41BA-BF60-9E4276B80225}.Release|x64.ActiveCfg = Release|Any CPU
		{5135CCEE-25C3-41BA-BF60-9E4276B80225}.Release|x64.Build.0 = Release|Any CPU
		{5135CCEE-25C3-41BA-BF60-9E4276B80225}.Release|x86.ActiveCfg = Release|Any CPU
		{5135CCEE-25C3-41BA-BF60-9E4276B80225}.Release|x86.Build.0 = Release|Any CPU
	EndGlobalSection
	GlobalSection(SolutionProperties) = preSolution
		HideSolutionNode = FALSE
	EndGlobalSection
	GlobalSection(NestedProjects) = preSolution
		{8A2FD706-25C9-464D-9A0B-25AE9909C09D} = {827E0CD3-B72D-47B6-A68D-7590B98EB39B}
		{B7F3AC48-FA40-4A18-A7B2-8A577A180474} = {827E0CD3-B72D-47B6-A68D-7590B98EB39B}
		{2DD033D1-FFB8-489C-A488-5D30E4C6BB71} = {827E0CD3-B72D-47B6-A68D-7590B98EB39B}
		{A29716CF-B7D3-4C1A-A366-9219DEFE2D85} = {827E0CD3-B72D-47B6-A68D-7590B98EB39B}
		{4CB48BA6-8B01-4C46-A965-006C6EAB4B10} = {827E0CD3-B72D-47B6-A68D-7590B98EB39B}
		{23D10AF2-D706-4245-9582-A4BCDC435D18} = {0AB3BF05-4346-4AA6-1389-037BE0695223}
		{5135CCEE-25C3-41BA-BF60-9E4276B80225} = {0AB3BF05-4346-4AA6-1389-037BE0695223}
	EndGlobalSection
EndGlobal
